
Microsoft Visual Studio Solution File, Format Version 12.00
# Visual Studio Version 17
VisualStudioVersion = 17.10.35122.118
MinimumVisualStudioVersion = 10.0.40219.1
Project("{FAE04EC0-301F-11D3-BF4B-00C04F79EFBC}") = "QuanLyDichBenh", "QuanLyDichBenh\QuanLyDichBenh.csproj", "{3CFE5561-F643-46D1-9D0E-34F3A520DA3F}"
EndProject
Global
	GlobalSection(SolutionConfigurationPlatforms) = preSolution
		Debug|Any CPU = Debug|Any CPU
		Release|Any CPU = Release|Any CPU
	EndGlobalSection
	GlobalSection(ProjectConfigurationPlatforms) = postSolution
		{3CFE5561-F643-46D1-9D0E-34F3A520DA3F}.Debug|Any CPU.ActiveCfg = Debug|Any CPU
		{3CFE5561-F643-46D1-9D0E-34F3A520DA3F}.Debug|Any CPU.Build.0 = Debug|Any CPU
		{3CFE5561-F643-46D1-9D0E-34F3A520DA3F}.Release|Any CPU.ActiveCfg = Release|Any CPU
		{3CFE5561-F643-46D1-9D0E-34F3A520DA3F}.Release|Any CPU.Build.0 = Release|Any CPU
	EndGlobalSection
	GlobalSection(SolutionProperties) = preSolution
		HideSolutionNode = FALSE
	EndGlobalSection
	GlobalSection(ExtensibilityGlobals) = postSolution
		SolutionGuid = {1F95CFA7-FFC1-484F-BAD1-F605600D1227}
	EndGlobalSection
EndGlobal
